{
    "_readme": [
        "This file locks the dependencies of your project to a known state",
        "Read more about it at http://getcomposer.org/doc/01-basic-usage.md#composer-lock-the-lock-file",
        "This file is @generated automatically"
    ],
    "hash": "e3348099bac86dee9bf7fab276693437",
    "packages": [
        {
            "name": "noccylabs/filesysteminterface",
            "version": "0.1.0",
            "source": {
                "type": "git",
                "url": "http://satis.noccylabs.info/packages/php-filesysteminterface.git",
                "reference": "59169503a22a3578355888d85c42e5303bfa071c"
            },
            "dist": {
                "type": "tar",
                "url": "http://satis.noccylabs.info/dist/noccylabs-filesysteminterface-0.1.0-ab33a1.tar",
                "reference": "59169503a22a3578355888d85c42e5303bfa071c",
                "shasum": "67598c2c03ddd8c2fb162835404ea838a3b9dd2b"
            },
            "type": "library",
            "license": [
                "GPL-3.0"
            ],
            "authors": [
                {
                    "name": "Christopher Vagnetoft",
                    "email": "cvagnetoft@gmail.com"
                }
            ],
            "description": "Interface for classes interacting with filesystems",
            "time": "2014-07-16 00:16:00"
        }
    ],
    "packages-dev": [

    ],
    "aliases": [

    ],
    "minimum-stability": "stable",
    "stability-flags": [

    ],
    "platform": [

    ],
    "platform-dev": [

    ]
}
